// !$*UTF8*$!
{
  classes = {
  };
  objectVersion = 56;
  archiveVersion = 1;
  objects = {
    AA0000000000000000000080 = {
      path = C128/CPU/CPUZ80.m;
      isa = PBXFileReference;
      lastKnownFileType = sourcecode.c.objc;
      sourceTree = SOURCE_ROOT;
    };
    AA0000000000000000000081 = {
      path = C128/CPU/CPUZ80.h;
      isa = PBXFileReference;
      lastKnownFileType = sourcecode.c.h;
      sourceTree = SOURCE_ROOT;
    };
    AA0000000000000000000082 = {
      path = C128/CPU/CPUZ80Bus.h;
      isa = PBXFileReference;
      lastKnownFileType = sourcecode.c.h;
      sourceTree = SOURCE_ROOT;
    };
    AA0000000000000000000083 = {
      isa = PBXBuildFile;
      fileRef = AA0000000000000000000080;
    };
    98F54143AB4E86B28C3AFEE0 = {
      buildConfigurationList = 862894B703A6DEDF96A9DD6C;
      projectDirPath = "";
      projectRoot = "";
      knownRegions = (
        en,
        Base,
      );
      isa = PBXProject;
      compatibilityVersion = "Xcode 14.0";
      productRefGroup = FBDC4F23F93125BBEEAE800C;
      mainGroup = B28B7AF69320201D1CF206EB;
      developmentRegion = en;
      attributes = {
        LastUpgradeCheck = 2630;
      };
      targets = (
        0E8A3AD980EC179856012B7E,
      );
    };
    F612692A54C49B0F53F3702A = {
      path = C128/Core/C128Machine.m;
      isa = PBXFileReference;
      lastKnownFileType = sourcecode.c.objc;
      sourceTree = SOURCE_ROOT;
    };
    B43212AB08C2CD5A1F0A758B = {
      path = C128/Core/C64Video.m;
      isa = PBXFileReference;
      lastKnownFileType = sourcecode.c.objc;
      sourceTree = SOURCE_ROOT;
    };
    472C027D0B91849435274E86 = {
      isa = PBXBuildFile;
      fileRef = F612692A54C49B0F53F3702A;
    };
    7CB690AD185E0A92E51F0FEE = {
      path = "C128/CPU/CPU6502+Instructions.m";
      isa = PBXFileReference;
      lastKnownFileType = sourcecode.c.objc;
      sourceTree = SOURCE_ROOT;
    };
    FBDC4F23F93125BBEEAE800C = {
      isa = PBXGroup;
      name = Products;
      children = (
        38A007151ABE87CC01A5B6E9,
      );
      sourceTree = "<group>";
    };
    BD0E302244ED5C102CCB185D = {
      isa = PBXBuildFile;
      fileRef = F875616167EF13338B472D7E;
    };
    BCE16DD0260827ECF338C787 = {
      isa = PBXSourcesBuildPhase;
      buildActionMask = 2147483647;
      files = (
        AA0000000000000000000083,
        817ECB95490DDE3228A679F5,
        E512FD7FF8CF793C6C1B7658,
        8EBFECB48096711ACA3F1947,
        472C027D0B91849435274E86,
        489395724A7241CDE6ACF073,
        C94ECD9ED8DC6552826DE90E,
        769E542A17135C6D85819C86,
        88A657D7BEE0B5FE10696662,
        BC37B4879FB4950FB4AF655F,
        2DA4C89E585A7126D293A050,
        BD0E302244ED5C102CCB185D,
        5F2F2E4E1C4EC3E68CDCBB76,
      );
      runOnlyForDeploymentPostprocessing = 0;
    };
    7561BFB015D8F536760CB671 = {
      isa = PBXFrameworksBuildPhase;
      buildActionMask = 2147483647;
      files = (
      );
      runOnlyForDeploymentPostprocessing = 0;
    };
    C6D087AE7820183762EFF010 = {
      path = C128/Core/C64Bus.m;
      isa = PBXFileReference;
      lastKnownFileType = sourcecode.c.objc;
      sourceTree = SOURCE_ROOT;
    };
    104AA4DB047C2EE7212D99AF = {
      path = "C128/CPU/CPU6502+Instructions.h";
      isa = PBXFileReference;
      lastKnownFileType = sourcecode.c.h;
      sourceTree = SOURCE_ROOT;
    };
    F84FF3AE7E296A49FBABF487 = {
      path = C128/Core/C64Bus.h;
      isa = PBXFileReference;
      lastKnownFileType = sourcecode.c.h;
      sourceTree = SOURCE_ROOT;
    };
    7082CC0B6FC1282FCEABD07A = {
      isa = XCBuildConfiguration;
      name = Debug;
      buildSettings = {
        CODE_SIGNING_ALLOWED = NO;
        HEADER_SEARCH_PATHS = (
          "$(SRCROOT)/C128/CPU",
          "$(SRCROOT)/C128/Core",
        );
        GCC_ENABLE_OBJC_EXCEPTIONS = YES;
        INFOPLIST_FILE = C128/Info.plist;
        OTHER_LDFLAGS = (
          "-framework",
          Cocoa,
        );
        PRODUCT_BUNDLE_IDENTIFIER = org.gnu.C128;
        PRODUCT_NAME = C128;
        GCC_PREPROCESSOR_DEFINITIONS = (
          "$(inherited)",
          "CPU6502_STANDALONE=1",
        );
      };
    };
    489395724A7241CDE6ACF073 = {
      isa = PBXBuildFile;
      fileRef = F202F1FEEB75257C3B40F07E;
    };
    B705912CDA12DF312A46B276 = {
      path = C128/CPU/CPU6502.h;
      isa = PBXFileReference;
      lastKnownFileType = sourcecode.c.h;
      sourceTree = SOURCE_ROOT;
    };
    F875616167EF13338B472D7E = {
      path = C128/Core/CIA6526.m;
      isa = PBXFileReference;
      lastKnownFileType = sourcecode.c.objc;
      sourceTree = SOURCE_ROOT;
    };
    F6A869453F61B8278CACC4F7 = {
      path = C128/main.m;
      isa = PBXFileReference;
      lastKnownFileType = sourcecode.c.objc;
      sourceTree = SOURCE_ROOT;
    };
    B28B7AF69320201D1CF206EB = {
      isa = PBXGroup;
      sourceTree = "<group>";
      children = (
        95350062F84A59FD41967EFD,
        F261990A684E1140915C1CE4,
        8FF7CE3767C0168E795A9937,
        C1C5E0EF9AEA5AE31462AB0D,
        AA0000000000000000000001,
        0C03E7B5AFB5ED6D87781875,
        0DF5617E38D19EC07CB7A989,
        4B28454F143DFC39E28D6B84,
        F612692A54C49B0F53F3702A,
        C25037D1EB891108A144F014,
        F202F1FEEB75257C3B40F07E,
        104AA4DB047C2EE7212D99AF,
        7CB690AD185E0A92E51F0FEE,
        B705912CDA12DF312A46B276,
        AA0000000000000000000080,
        AA0000000000000000000081,
        AA0000000000000000000082,
        2B11EF94B6827780DC15B59B,
        3BA43A0FC2C1E454DAA76C62,
        F84FF3AE7E296A49FBABF487,
        C6D087AE7820183762EFF010,
        C1B422A1AEE1A3BCA9BC8E39,
        B409719FE356FCFBF97F2BFD,
        B43212AB08C2CD5A1F0A758B,
        F8893CA23A8C4731B5190AB3,
        F875616167EF13338B472D7E,
        F6A869453F61B8278CACC4F7,
        FBDC4F23F93125BBEEAE800C,
      );
    };
    769E542A17135C6D85819C86 = {
      isa = PBXBuildFile;
      fileRef = 2B11EF94B6827780DC15B59B;
    };
    4B28454F143DFC39E28D6B84 = {
      path = C128/Core/C128Machine.h;
      isa = PBXFileReference;
      lastKnownFileType = sourcecode.c.h;
      sourceTree = SOURCE_ROOT;
    };
    F202F1FEEB75257C3B40F07E = {
      path = C128/Core/VDC8563.m;
      isa = PBXFileReference;
      lastKnownFileType = sourcecode.c.objc;
      sourceTree = SOURCE_ROOT;
    };
    88A657D7BEE0B5FE10696662 = {
      isa = PBXBuildFile;
      fileRef = C6D087AE7820183762EFF010;
    };
    E6DE6C99132752C914FEF632 = {
      isa = XCBuildConfiguration;
      name = Release;
      buildSettings = {
        GCC_OPTIMIZATION_LEVEL = 2;
        CLANG_ENABLE_OBJC_ARC = NO;
        MACOSX_DEPLOYMENT_TARGET = 12.0;
        CLANG_ENABLE_MODULES = YES;
        SDKROOT = macosx;
      };
    };
    639A7CA24D39909E713B47F7 = {
      isa = XCBuildConfiguration;
      name = Release;
      buildSettings = {
        CODE_SIGNING_ALLOWED = NO;
        HEADER_SEARCH_PATHS = (
          "$(SRCROOT)/C128/CPU",
          "$(SRCROOT)/C128/Core",
        );
        GCC_ENABLE_OBJC_EXCEPTIONS = YES;
        INFOPLIST_FILE = C128/Info.plist;
        OTHER_LDFLAGS = (
          "-framework",
          Cocoa,
        );
        PRODUCT_BUNDLE_IDENTIFIER = org.gnu.C128;
        PRODUCT_NAME = C128;
        GCC_PREPROCESSOR_DEFINITIONS = (
          "$(inherited)",
          "CPU6502_STANDALONE=1",
        );
      };
    };
    38A007151ABE87CC01A5B6E9 = {
      path = C128.app;
      isa = PBXFileReference;
      explicitFileType = wrapper.application;
      sourceTree = BUILT_PRODUCTS_DIR;
    };
    862894B703A6DEDF96A9DD6C = {
      isa = XCConfigurationList;
      defaultConfigurationIsVisible = 0;
      defaultConfigurationName = Release;
      buildConfigurations = (
        89E1FD6268CC0F221A2BE178,
        E6DE6C99132752C914FEF632,
      );
    };
    3BA43A0FC2C1E454DAA76C62 = {
      path = C128/CPU/CPU6502Bus.h;
      isa = PBXFileReference;
      lastKnownFileType = sourcecode.c.h;
      sourceTree = SOURCE_ROOT;
    };
    B409719FE356FCFBF97F2BFD = {
      path = C128/Core/C64Machine.m;
      isa = PBXFileReference;
      lastKnownFileType = sourcecode.c.objc;
      sourceTree = SOURCE_ROOT;
    };
    F261990A684E1140915C1CE4 = {
      path = C128/AppDelegate.m;
      isa = PBXFileReference;
      lastKnownFileType = sourcecode.c.objc;
      sourceTree = SOURCE_ROOT;
    };
    0189424A5A60FED329FA868E = {
      isa = PBXResourcesBuildPhase;
      buildActionMask = 2147483647;
      files = (
        AA0000000000000000000002,
      );
      runOnlyForDeploymentPostprocessing = 0;
    };
    E512FD7FF8CF793C6C1B7658 = {
      isa = PBXBuildFile;
      fileRef = C1C5E0EF9AEA5AE31462AB0D;
    };
    AA0000000000000000000002 = {
      isa = PBXBuildFile;
      fileRef = AA0000000000000000000001;
    };
    0DF5617E38D19EC07CB7A989 = {
      path = C128/Core/C128Bus.m;
      isa = PBXFileReference;
      lastKnownFileType = sourcecode.c.objc;
      sourceTree = SOURCE_ROOT;
    };
    C94ECD9ED8DC6552826DE90E = {
      isa = PBXBuildFile;
      fileRef = 7CB690AD185E0A92E51F0FEE;
    };
    8FF7CE3767C0168E795A9937 = {
      path = C128/UI/C128Display.h;
      isa = PBXFileReference;
      lastKnownFileType = sourcecode.c.h;
      sourceTree = SOURCE_ROOT;
    };
    2DA4C89E585A7126D293A050 = {
      isa = PBXBuildFile;
      fileRef = B43212AB08C2CD5A1F0A758B;
    };
    BC37B4879FB4950FB4AF655F = {
      isa = PBXBuildFile;
      fileRef = B409719FE356FCFBF97F2BFD;
    };
    F8893CA23A8C4731B5190AB3 = {
      path = C128/Core/CIA6526.h;
      isa = PBXFileReference;
      lastKnownFileType = sourcecode.c.h;
      sourceTree = SOURCE_ROOT;
    };
    817ECB95490DDE3228A679F5 = {
      isa = PBXBuildFile;
      fileRef = F261990A684E1140915C1CE4;
    };
    C1B422A1AEE1A3BCA9BC8E39 = {
      path = C128/Core/C64Machine.h;
      isa = PBXFileReference;
      lastKnownFileType = sourcecode.c.h;
      sourceTree = SOURCE_ROOT;
    };
    95350062F84A59FD41967EFD = {
      path = C128/AppDelegate.h;
      isa = PBXFileReference;
      lastKnownFileType = sourcecode.c.h;
      sourceTree = SOURCE_ROOT;
    };
    2B11EF94B6827780DC15B59B = {
      path = C128/CPU/CPU6502.m;
      isa = PBXFileReference;
      lastKnownFileType = sourcecode.c.objc;
      sourceTree = SOURCE_ROOT;
    };
    AA0000000000000000000001 = {
      path = C128/Resources/AppIcon.icns;
      isa = PBXFileReference;
      lastKnownFileType = image.icns;
      sourceTree = SOURCE_ROOT;
    };
    0C03E7B5AFB5ED6D87781875 = {
      path = C128/Core/C128Bus.h;
      isa = PBXFileReference;
      lastKnownFileType = sourcecode.c.h;
      sourceTree = SOURCE_ROOT;
    };
    89E1FD6268CC0F221A2BE178 = {
      isa = XCBuildConfiguration;
      name = Debug;
      buildSettings = {
        GCC_OPTIMIZATION_LEVEL = 0;
        CLANG_ENABLE_OBJC_ARC = NO;
        MACOSX_DEPLOYMENT_TARGET = 12.0;
        CLANG_ENABLE_MODULES = YES;
        SDKROOT = macosx;
      };
    };
    5F2F2E4E1C4EC3E68CDCBB76 = {
      isa = PBXBuildFile;
      fileRef = F6A869453F61B8278CACC4F7;
    };
    8EBFECB48096711ACA3F1947 = {
      isa = PBXBuildFile;
      fileRef = 0DF5617E38D19EC07CB7A989;
    };
    C1C5E0EF9AEA5AE31462AB0D = {
      path = C128/UI/C128Display.m;
      isa = PBXFileReference;
      lastKnownFileType = sourcecode.c.objc;
      sourceTree = SOURCE_ROOT;
    };
    C25037D1EB891108A144F014 = {
      path = C128/Core/VDC8563.h;
      isa = PBXFileReference;
      lastKnownFileType = sourcecode.c.h;
      sourceTree = SOURCE_ROOT;
    };
    C57128001CE614BF8549D6BB = {
      isa = XCConfigurationList;
      defaultConfigurationIsVisible = 0;
      defaultConfigurationName = Release;
      buildConfigurations = (
        7082CC0B6FC1282FCEABD07A,
        639A7CA24D39909E713B47F7,
      );
    };
    0E8A3AD980EC179856012B7E = {
      buildConfigurationList = C57128001CE614BF8549D6BB;
      productReference = 38A007151ABE87CC01A5B6E9;
      productType = "com.apple.product-type.application";
      productName = C128;
      isa = PBXNativeTarget;
      buildPhases = (
        BCE16DD0260827ECF338C787,
        7561BFB015D8F536760CB671,
        0189424A5A60FED329FA868E,
      );
      dependencies = (
      );
      name = C128;
      buildRules = (
      );
    };
  };
  rootObject = 98F54143AB4E86B28C3AFEE0;
}
